
Microsoft Visual Studio Solution File, Format Version 12.00
# Visual Studio Version 17
VisualStudioVersion = 17.9.34616.47
MinimumVisualStudioVersion = 10.0.40219.1
Project("{8BC9CEB8-8B4A-11D0-8D11-00A0C91BC942}") = "TP_EDA", "TP_EDA\TP_EDA.vcxproj", "{1828FF45-5271-4DA8-B5C5-1DDDE699FF69}"
EndProject
Global
	GlobalSection(SolutionConfigurationPlatforms) = preSolution
		Debug|x64 = Debug|x64
		Debug|x86 = Debug|x86
		Release|x64 = Release|x64
		Release|x86 = Release|x86
	EndGlobalSection
	GlobalSection(ProjectConfigurationPlatforms) = postSolution
		{1828FF45-5271-4DA8-B5C5-1DDDE699FF69}.Debug|x64.ActiveCfg = Debug|x64
		{1828FF45-5271-4DA8-B5C5-1DDDE699FF69}.Debug|x64.Build.0 = Debug|x64
		{1828FF45-5271-4DA8-B5C5-1DDDE699FF69}.Debug|x86.ActiveCfg = Debug|Win32
		{1828FF45-5271-4DA8-B5C5-1DDDE699FF69}.Debug|x86.Build.0 = Debug|Win32
		{1828FF45-5271-4DA8-B5C5-1DDDE699FF69}.Release|x64.ActiveCfg = Release|x64
		{1828FF45-5271-4DA8-B5C5-1DDDE699FF69}.Release|x64.Build.0 = Release|x64
		{1828FF45-5271-4DA8-B5C5-1DDDE699FF69}.Release|x86.ActiveCfg = Release|Win32
		{1828FF45-5271-4DA8-B5C5-1DDDE699FF69}.Release|x86.Build.0 = Release|Win32
	EndGlobalSection
	GlobalSection(SolutionProperties) = preSolution
		HideSolutionNode = FALSE
	EndGlobalSection
	GlobalSection(ExtensibilityGlobals) = postSolution
		SolutionGuid = {82C97230-6069-415F-9382-6439F27C842A}
	EndGlobalSection
EndGlobal
